
Microsoft Visual Studio Solution File, Format Version 12.00
# Visual Studio Version 17
VisualStudioVersion = 17.4.33110.190
MinimumVisualStudioVersion = 10.0.40219.1
Project("{9A19103F-16F7-4668-BE54-9A1E7A4F7556}") = "Kokkies", "Kokkies.csproj", "{7983789E-410B-439C-8C31-C5501B3DFCAE}"
EndProject
Global
	GlobalSection(SolutionConfigurationPlatforms) = preSolution
		Debug|Any CPU = Debug|Any CPU
		ExportDebug|Any CPU = ExportDebug|Any CPU
		ExportRelease|Any CPU = ExportRelease|Any CPU
	EndGlobalSection
	GlobalSection(ProjectConfigurationPlatforms) = postSolution
		{7983789E-410B-439C-8C31-C5501B3DFCAE}.Debug|Any CPU.ActiveCfg = Debug|Any CPU
		{7983789E-410B-439C-8C31-C5501B3DFCAE}.Debug|Any CPU.Build.0 = Debug|Any CPU
		{7983789E-410B-439C-8C31-C5501B3DFCAE}.ExportDebug|Any CPU.ActiveCfg = ExportDebug|Any CPU
		{7983789E-410B-439C-8C31-C5501B3DFCAE}.ExportDebug|Any CPU.Build.0 = ExportDebug|Any CPU
		{7983789E-410B-439C-8C31-C5501B3DFCAE}.ExportRelease|Any CPU.ActiveCfg = ExportRelease|Any CPU
		{7983789E-410B-439C-8C31-C5501B3DFCAE}.ExportRelease|Any CPU.Build.0 = ExportRelease|Any CPU
	EndGlobalSection
	GlobalSection(SolutionProperties) = preSolution
		HideSolutionNode = FALSE
	EndGlobalSection
	GlobalSection(ExtensibilityGlobals) = postSolution
		SolutionGuid = {FFF389DF-BB07-4040-87AC-BF0A91A81B2F}
	EndGlobalSection
EndGlobal
